{
  "version": 4,
  "terraform_version": "1.15.6",
  "serial": 23,
  "lineage": "6de53555-9d2f-b970-2616-b5db8796e1e7",
  "outputs": {
    "artifact_registry_url": {
      "value": "us-central1-docker.pkg.dev/parasoldatalake/plex-pipeline",
      "type": "string"
    },
    "bigquery_dataset_id": {
      "value": "parasoldatalake.plex_sandbox",
      "type": "string"
    },
    "bigquery_metadata_table": {
      "value": "parasoldatalake.plex_sandbox.sync_metadata",
      "type": "string"
    },
    "cloud_run_execute_command": {
      "value": "gcloud run jobs execute plex-etl --region=us-central1 --project=parasoldatalake --wait",
      "type": "string"
    },
    "cloud_run_job_name": {
      "value": "plex-etl",
      "type": "string"
    },
    "image_push_commands": {
      "value": "docker build -t us-central1-docker.pkg.dev/parasoldatalake/plex-pipeline/etl:latest .\ndocker push us-central1-docker.pkg.dev/parasoldatalake/plex-pipeline/etl:latest\n",
      "type": "string"
    },
    "scheduler_job_name": {
      "value": "plex-daily-sync — schedule: 0 2 * * * UTC",
      "type": "string"
    },
    "secret_names": {
      "value": {
        "company_code": "plex-company-code",
        "odbc_password": "plex-odbc-password",
        "odbc_user": "plex-odbc-user"
      },
      "type": [
        "object",
        {
          "company_code": "string",
          "odbc_password": "string",
          "odbc_user": "string"
        }
      ]
    },
    "secret_version_commands": {
      "value": "echo -n 'YOUR_PLEX_USER'     | gcloud secrets versions add plex-odbc-user     --data-file=- --project=parasoldatalake\necho -n 'YOUR_PLEX_PASSWORD' | gcloud secrets versions add plex-odbc-password --data-file=- --project=parasoldatalake\necho -n 'YOUR_COMPANY_CODE'  | gcloud secrets versions add plex-company-code  --data-file=- --project=parasoldatalake\n",
      "type": "string"
    },
    "service_account_email": {
      "value": "plex-etl-sa@parasoldatalake.iam.gserviceaccount.com",
      "type": "string"
    }
  },
  "resources": [
    {
      "mode": "data",
      "type": "google_project",
      "name": "current",
      "provider": "provider[\"registry.terraform.io/hashicorp/google\"]",
      "instances": [
        {
          "schema_version": 0,
          "attributes": {
            "auto_create_network": null,
            "billing_account": "0177C1-986C02-CAFB46",
            "deletion_policy": "DELETE",
            "effective_labels": {},
            "folder_id": "",
            "id": "projects/parasoldatalake",
            "labels": {},
            "name": "ParasolDataLake",
            "number": "7050005773",
            "org_id": "298960356642",
            "project_id": "parasoldatalake",
            "skip_delete": null,
            "terraform_labels": {}
          },
          "sensitive_attributes": [],
          "identity_schema_version": 0
        }
      ]
    },
    {
      "mode": "managed",
      "type": "google_artifact_registry_repository",
      "name": "etl",
      "provider": "provider[\"registry.terraform.io/hashicorp/google\"]",
      "instances": [
        {
          "schema_version": 0,
          "attributes": {
            "cleanup_policies": [],
            "cleanup_policy_dry_run": false,
            "create_time": "2026-06-19T00:56:11.263292Z",
            "description": "Plex ETL Docker images",
            "docker_config": [],
            "effective_labels": {},
            "format": "DOCKER",
            "id": "projects/parasoldatalake/locations/us-central1/repositories/plex-pipeline",
            "kms_key_name": "",
            "labels": null,
            "location": "us-central1",
            "maven_config": [],
            "mode": "STANDARD_REPOSITORY",
            "name": "plex-pipeline",
            "project": "parasoldatalake",
            "remote_repository_config": [],
            "repository_id": "plex-pipeline",
            "terraform_labels": {},
            "timeouts": null,
            "update_time": "2026-06-19T00:56:11.263292Z",
            "virtual_repository_config": []
          },
          "sensitive_attributes": [],
          "identity_schema_version": 0,
          "private": "eyJlMmJmYjczMC1lY2FhLTExZTYtOGY4OC0zNDM2M2JjN2M0YzAiOnsiY3JlYXRlIjoxMjAwMDAwMDAwMDAwLCJkZWxldGUiOjEyMDAwMDAwMDAwMDAsInVwZGF0ZSI6MTIwMDAwMDAwMDAwMH19"
        }
      ]
    },
    {
      "mode": "managed",
      "type": "google_bigquery_dataset",
      "name": "plex",
      "provider": "provider[\"registry.terraform.io/hashicorp/google\"]",
      "instances": [
        {
          "schema_version": 0,
          "attributes": {
            "access": [
              {
                "dataset": [],
                "domain": "",
                "group_by_email": "",
                "iam_member": "",
                "role": "OWNER",
                "routine": [],
                "special_group": "",
                "user_by_email": "emilio.dominguez@parasolgroupinc.com",
                "view": []
              },
              {
                "dataset": [],
                "domain": "",
                "group_by_email": "",
                "iam_member": "",
                "role": "OWNER",
                "routine": [],
                "special_group": "projectOwners",
                "user_by_email": "",
                "view": []
              },
              {
                "dataset": [],
                "domain": "",
                "group_by_email": "",
                "iam_member": "",
                "role": "READER",
                "routine": [],
                "special_group": "projectReaders",
                "user_by_email": "",
                "view": []
              },
              {
                "dataset": [],
                "domain": "",
                "group_by_email": "",
                "iam_member": "",
                "role": "WRITER",
                "routine": [],
                "special_group": "projectWriters",
                "user_by_email": "",
                "view": []
              }
            ],
            "creation_time": 1781829987651,
            "dataset_id": "plex_sandbox",
            "default_collation": "",
            "default_encryption_configuration": [],
            "default_partition_expiration_ms": 0,
            "default_table_expiration_ms": 0,
            "delete_contents_on_destroy": false,
            "description": "",
            "effective_labels": {},
            "etag": "JXTafYX7rqwv5tR6JMQwvQ==",
            "external_dataset_reference": [],
            "friendly_name": "",
            "id": "projects/parasoldatalake/datasets/plex_sandbox",
            "is_case_insensitive": false,
            "labels": {},
            "last_modified_time": 1781829987651,
            "location": "US",
            "max_time_travel_hours": "168",
            "project": "parasoldatalake",
            "resource_tags": {},
            "self_link": "https://bigquery.googleapis.com/bigquery/v2/projects/parasoldatalake/datasets/plex_sandbox",
            "storage_billing_model": "",
            "terraform_labels": {},
            "timeouts": null
          },
          "sensitive_attributes": [],
          "identity_schema_version": 0,
          "private": "eyJlMmJmYjczMC1lY2FhLTExZTYtOGY4OC0zNDM2M2JjN2M0YzAiOnsiY3JlYXRlIjoxMjAwMDAwMDAwMDAwLCJkZWxldGUiOjEyMDAwMDAwMDAwMDAsInVwZGF0ZSI6MTIwMDAwMDAwMDAwMH0sInNjaGVtYV92ZXJzaW9uIjoiMCJ9"
        }
      ]
    },
    {
      "mode": "managed",
      "type": "google_bigquery_table",
      "name": "sync_metadata",
      "provider": "provider[\"registry.terraform.io/hashicorp/google\"]",
      "instances": [
        {
          "schema_version": 0,
          "attributes": {
            "allow_resource_tags_on_deletion": false,
            "clustering": null,
            "creation_time": 1781830570539,
            "dataset_id": "plex_sandbox",
            "deletion_protection": true,
            "description": "",
            "effective_labels": {},
            "encryption_configuration": [],
            "etag": "7ir3pkEv36hldbX5e/wPJQ==",
            "expiration_time": 0,
            "external_data_configuration": [],
            "friendly_name": "",
            "id": "projects/parasoldatalake/datasets/plex_sandbox/tables/sync_metadata",
            "labels": null,
            "last_modified_time": 1781830570596,
            "location": "US",
            "materialized_view": [],
            "max_staleness": "",
            "num_bytes": 0,
            "num_long_term_bytes": 0,
            "num_rows": 0,
            "project": "parasoldatalake",
            "range_partitioning": [],
            "require_partition_filter": false,
            "resource_tags": null,
            "schema": "[{\"mode\":\"REQUIRED\",\"name\":\"table_name\",\"type\":\"STRING\"},{\"mode\":\"REQUIRED\",\"name\":\"last_sync_at\",\"type\":\"TIMESTAMP\"},{\"mode\":\"REQUIRED\",\"name\":\"max_modified_at\",\"type\":\"TIMESTAMP\"},{\"mode\":\"REQUIRED\",\"name\":\"rows_written\",\"type\":\"INTEGER\"},{\"mode\":\"REQUIRED\",\"name\":\"synced_at\",\"type\":\"TIMESTAMP\"}]",
            "self_link": "https://bigquery.googleapis.com/bigquery/v2/projects/parasoldatalake/datasets/plex_sandbox/tables/sync_metadata",
            "table_constraints": [],
            "table_id": "sync_metadata",
            "table_replication_info": [],
            "terraform_labels": {},
            "time_partitioning": [],
            "type": "TABLE",
            "view": []
          },
          "sensitive_attributes": [],
          "identity_schema_version": 0,
          "private": "bnVsbA==",
          "dependencies": [
            "google_bigquery_dataset.plex"
          ]
        }
      ]
    },
    {
      "mode": "managed",
      "type": "google_cloud_run_v2_job",
      "name": "etl",
      "provider": "provider[\"registry.terraform.io/hashicorp/google\"]",
      "instances": [
        {
          "status": "tainted",
          "schema_version": 0,
          "attributes": {
            "annotations": null,
            "binary_authorization": [],
            "client": null,
            "client_version": null,
            "conditions": null,
            "create_time": null,
            "creator": null,
            "delete_time": null,
            "effective_annotations": null,
            "effective_labels": null,
            "etag": null,
            "execution_count": null,
            "expire_time": null,
            "generation": null,
            "id": "projects/parasoldatalake/locations/us-central1/jobs/plex-etl",
            "labels": null,
            "last_modifier": null,
            "latest_created_execution": null,
            "launch_stage": null,
            "location": "us-central1",
            "name": "plex-etl",
            "observed_generation": null,
            "project": "parasoldatalake",
            "reconciling": null,
            "template": [
              {
                "annotations": null,
                "labels": null,
                "parallelism": 0,
                "task_count": 0,
                "template": [
                  {
                    "containers": [
                      {
                        "args": null,
                        "command": null,
                        "env": [
                          {
                            "name": "GCP_PROJECT",
                            "value": "parasoldatalake",
                            "value_source": []
                          },
                          {
                            "name": "BQ_DATASET",
                            "value": "plex_sandbox",
                            "value_source": []
                          },
                          {
                            "name": "BQ_TABLE",
                            "value": "raw_materials_parts",
                            "value_source": []
                          },
                          {
                            "name": "PLEX_HOST",
                            "value": "odbc.plex.com",
                            "value_source": []
                          },
                          {
                            "name": "PLEX_PORT",
                            "value": "19995",
                            "value_source": []
                          },
                          {
                            "name": "PLEX_SERVER_DATASOURCE",
                            "value": "ReportDataSource",
                            "value_source": []
                          },
                          {
                            "name": "PLEX_ODBC_USER",
                            "value": "edominguez.parasol",
                            "value_source": []
                          },
                          {
                            "name": "SECRET_ACCESS_TOKEN",
                            "value": "plex-access-token",
                            "value_source": []
                          },
                          {
                            "name": "PLEX_DSN",
                            "value": "PlexProduction",
                            "value_source": []
                          },
                          {
                            "name": "SECRET_ODBC_USER",
                            "value": "plex-odbc-user",
                            "value_source": []
                          },
                          {
                            "name": "SECRET_ODBC_PASSWORD",
                            "value": "plex-odbc-password",
                            "value_source": []
                          },
                          {
                            "name": "SECRET_COMPANY_CODE",
                            "value": "plex-company-code",
                            "value_source": []
                          },
                          {
                            "name": "METADATA_TABLE",
                            "value": "sync_metadata",
                            "value_source": []
                          },
                          {
                            "name": "BACKFILL_MINUTES",
                            "value": "5",
                            "value_source": []
                          }
                        ],
                        "image": "us-central1-docker.pkg.dev/parasoldatalake/plex-pipeline/etl:latest",
                        "name": "",
                        "ports": [],
                        "resources": [],
                        "volume_mounts": [],
                        "working_dir": ""
                      }
                    ],
                    "encryption_key": "",
                    "execution_environment": "",
                    "max_retries": 3,
                    "service_account": "plex-etl-sa@parasoldatalake.iam.gserviceaccount.com",
                    "timeout": "600s",
                    "volumes": [],
                    "vpc_access": []
                  }
                ]
              }
            ],
            "terminal_condition": null,
            "terraform_labels": null,
            "timeouts": null,
            "uid": null,
            "update_time": null
          },
          "sensitive_attributes": [],
          "identity_schema_version": 0,
          "private": "eyJlMmJmYjczMC1lY2FhLTExZTYtOGY4OC0zNDM2M2JjN2M0YzAiOnsiY3JlYXRlIjoxMjAwMDAwMDAwMDAwLCJkZWxldGUiOjEyMDAwMDAwMDAwMDAsInVwZGF0ZSI6MTIwMDAwMDAwMDAwMH19",
          "dependencies": [
            "google_service_account.etl"
          ]
        }
      ]
    },
    {
      "mode": "managed",
      "type": "google_project_iam_member",
      "name": "etl_roles",
      "provider": "provider[\"registry.terraform.io/hashicorp/google\"]",
      "instances": [
        {
          "index_key": "roles/artifactregistry.reader",
          "schema_version": 0,
          "attributes": {
            "condition": [],
            "etag": "BwZUkMMigms=",
            "id": "parasoldatalake/roles/artifactregistry.reader/serviceAccount:plex-etl-sa@parasoldatalake.iam.gserviceaccount.com",
            "member": "serviceAccount:plex-etl-sa@parasoldatalake.iam.gserviceaccount.com",
            "project": "parasoldatalake",
            "role": "roles/artifactregistry.reader"
          },
          "sensitive_attributes": [],
          "identity_schema_version": 0,
          "private": "bnVsbA==",
          "dependencies": [
            "google_service_account.etl"
          ]
        },
        {
          "index_key": "roles/bigquery.dataEditor",
          "schema_version": 0,
          "attributes": {
            "condition": [],
            "etag": "BwZUkMMigms=",
            "id": "parasoldatalake/roles/bigquery.dataEditor/serviceAccount:plex-etl-sa@parasoldatalake.iam.gserviceaccount.com",
            "member": "serviceAccount:plex-etl-sa@parasoldatalake.iam.gserviceaccount.com",
            "project": "parasoldatalake",
            "role": "roles/bigquery.dataEditor"
          },
          "sensitive_attributes": [],
          "identity_schema_version": 0,
          "private": "bnVsbA==",
          "dependencies": [
            "google_service_account.etl"
          ]
        },
        {
          "index_key": "roles/bigquery.jobUser",
          "schema_version": 0,
          "attributes": {
            "condition": [],
            "etag": "BwZUkMMigms=",
            "id": "parasoldatalake/roles/bigquery.jobUser/serviceAccount:plex-etl-sa@parasoldatalake.iam.gserviceaccount.com",
            "member": "serviceAccount:plex-etl-sa@parasoldatalake.iam.gserviceaccount.com",
            "project": "parasoldatalake",
            "role": "roles/bigquery.jobUser"
          },
          "sensitive_attributes": [],
          "identity_schema_version": 0,
          "private": "bnVsbA==",
          "dependencies": [
            "google_service_account.etl"
          ]
        },
        {
          "index_key": "roles/run.invoker",
          "schema_version": 0,
          "attributes": {
            "condition": [],
            "etag": "BwZUkMMigms=",
            "id": "parasoldatalake/roles/run.invoker/serviceAccount:plex-etl-sa@parasoldatalake.iam.gserviceaccount.com",
            "member": "serviceAccount:plex-etl-sa@parasoldatalake.iam.gserviceaccount.com",
            "project": "parasoldatalake",
            "role": "roles/run.invoker"
          },
          "sensitive_attributes": [],
          "identity_schema_version": 0,
          "private": "bnVsbA==",
          "dependencies": [
            "google_service_account.etl"
          ]
        },
        {
          "index_key": "roles/secretmanager.secretAccessor",
          "schema_version": 0,
          "attributes": {
            "condition": [],
            "etag": "BwZUkMMigms=",
            "id": "parasoldatalake/roles/secretmanager.secretAccessor/serviceAccount:plex-etl-sa@parasoldatalake.iam.gserviceaccount.com",
            "member": "serviceAccount:plex-etl-sa@parasoldatalake.iam.gserviceaccount.com",
            "project": "parasoldatalake",
            "role": "roles/secretmanager.secretAccessor"
          },
          "sensitive_attributes": [],
          "identity_schema_version": 0,
          "private": "bnVsbA==",
          "dependencies": [
            "google_service_account.etl"
          ]
        }
      ]
    },
    {
      "mode": "managed",
      "type": "google_project_service",
      "name": "required",
      "provider": "provider[\"registry.terraform.io/hashicorp/google\"]",
      "instances": [
        {
          "index_key": "artifactregistry.googleapis.com",
          "schema_version": 0,
          "attributes": {
            "disable_dependent_services": null,
            "disable_on_destroy": false,
            "id": "parasoldatalake/artifactregistry.googleapis.com",
            "project": "parasoldatalake",
            "service": "artifactregistry.googleapis.com",
            "timeouts": null
          },
          "sensitive_attributes": [],
          "identity_schema_version": 0,
          "private": "eyJlMmJmYjczMC1lY2FhLTExZTYtOGY4OC0zNDM2M2JjN2M0YzAiOnsiY3JlYXRlIjoxMjAwMDAwMDAwMDAwLCJkZWxldGUiOjEyMDAwMDAwMDAwMDAsInJlYWQiOjYwMDAwMDAwMDAwMCwidXBkYXRlIjoxMjAwMDAwMDAwMDAwfX0="
        },
        {
          "index_key": "bigquery.googleapis.com",
          "schema_version": 0,
          "attributes": {
            "disable_dependent_services": null,
            "disable_on_destroy": false,
            "id": "parasoldatalake/bigquery.googleapis.com",
            "project": "parasoldatalake",
            "service": "bigquery.googleapis.com",
            "timeouts": null
          },
          "sensitive_attributes": [],
          "identity_schema_version": 0,
          "private": "eyJlMmJmYjczMC1lY2FhLTExZTYtOGY4OC0zNDM2M2JjN2M0YzAiOnsiY3JlYXRlIjoxMjAwMDAwMDAwMDAwLCJkZWxldGUiOjEyMDAwMDAwMDAwMDAsInJlYWQiOjYwMDAwMDAwMDAwMCwidXBkYXRlIjoxMjAwMDAwMDAwMDAwfX0="
        },
        {
          "index_key": "cloudbuild.googleapis.com",
          "schema_version": 0,
          "attributes": {
            "disable_dependent_services": null,
            "disable_on_destroy": false,
            "id": "parasoldatalake/cloudbuild.googleapis.com",
            "project": "parasoldatalake",
            "service": "cloudbuild.googleapis.com",
            "timeouts": null
          },
          "sensitive_attributes": [],
          "identity_schema_version": 0,
          "private": "eyJlMmJmYjczMC1lY2FhLTExZTYtOGY4OC0zNDM2M2JjN2M0YzAiOnsiY3JlYXRlIjoxMjAwMDAwMDAwMDAwLCJkZWxldGUiOjEyMDAwMDAwMDAwMDAsInJlYWQiOjYwMDAwMDAwMDAwMCwidXBkYXRlIjoxMjAwMDAwMDAwMDAwfX0="
        },
        {
          "index_key": "cloudscheduler.googleapis.com",
          "schema_version": 0,
          "attributes": {
            "disable_dependent_services": null,
            "disable_on_destroy": false,
            "id": "parasoldatalake/cloudscheduler.googleapis.com",
            "project": "parasoldatalake",
            "service": "cloudscheduler.googleapis.com",
            "timeouts": null
          },
          "sensitive_attributes": [],
          "identity_schema_version": 0,
          "private": "eyJlMmJmYjczMC1lY2FhLTExZTYtOGY4OC0zNDM2M2JjN2M0YzAiOnsiY3JlYXRlIjoxMjAwMDAwMDAwMDAwLCJkZWxldGUiOjEyMDAwMDAwMDAwMDAsInJlYWQiOjYwMDAwMDAwMDAwMCwidXBkYXRlIjoxMjAwMDAwMDAwMDAwfX0="
        },
        {
          "index_key": "iam.googleapis.com",
          "schema_version": 0,
          "attributes": {
            "disable_dependent_services": null,
            "disable_on_destroy": false,
            "id": "parasoldatalake/iam.googleapis.com",
            "project": "parasoldatalake",
            "service": "iam.googleapis.com",
            "timeouts": null
          },
          "sensitive_attributes": [],
          "identity_schema_version": 0,
          "private": "eyJlMmJmYjczMC1lY2FhLTExZTYtOGY4OC0zNDM2M2JjN2M0YzAiOnsiY3JlYXRlIjoxMjAwMDAwMDAwMDAwLCJkZWxldGUiOjEyMDAwMDAwMDAwMDAsInJlYWQiOjYwMDAwMDAwMDAwMCwidXBkYXRlIjoxMjAwMDAwMDAwMDAwfX0="
        },
        {
          "index_key": "run.googleapis.com",
          "schema_version": 0,
          "attributes": {
            "disable_dependent_services": null,
            "disable_on_destroy": false,
            "id": "parasoldatalake/run.googleapis.com",
            "project": "parasoldatalake",
            "service": "run.googleapis.com",
            "timeouts": null
          },
          "sensitive_attributes": [],
          "identity_schema_version": 0,
          "private": "eyJlMmJmYjczMC1lY2FhLTExZTYtOGY4OC0zNDM2M2JjN2M0YzAiOnsiY3JlYXRlIjoxMjAwMDAwMDAwMDAwLCJkZWxldGUiOjEyMDAwMDAwMDAwMDAsInJlYWQiOjYwMDAwMDAwMDAwMCwidXBkYXRlIjoxMjAwMDAwMDAwMDAwfX0="
        },
        {
          "index_key": "secretmanager.googleapis.com",
          "schema_version": 0,
          "attributes": {
            "disable_dependent_services": null,
            "disable_on_destroy": false,
            "id": "parasoldatalake/secretmanager.googleapis.com",
            "project": "parasoldatalake",
            "service": "secretmanager.googleapis.com",
            "timeouts": null
          },
          "sensitive_attributes": [],
          "identity_schema_version": 0,
          "private": "eyJlMmJmYjczMC1lY2FhLTExZTYtOGY4OC0zNDM2M2JjN2M0YzAiOnsiY3JlYXRlIjoxMjAwMDAwMDAwMDAwLCJkZWxldGUiOjEyMDAwMDAwMDAwMDAsInJlYWQiOjYwMDAwMDAwMDAwMCwidXBkYXRlIjoxMjAwMDAwMDAwMDAwfX0="
        }
      ]
    },
    {
      "mode": "managed",
      "type": "google_secret_manager_secret",
      "name": "access_token",
      "provider": "provider[\"registry.terraform.io/hashicorp/google\"]",
      "instances": [
        {
          "schema_version": 0,
          "attributes": {
            "annotations": {},
            "create_time": "2026-06-19T00:47:34.871469Z",
            "effective_annotations": {},
            "effective_labels": {},
            "expire_time": "",
            "id": "projects/parasoldatalake/secrets/plex-access-token",
            "labels": {},
            "name": "projects/7050005773/secrets/plex-access-token",
            "project": "parasoldatalake",
            "replication": [
              {
                "auto": [
                  {
                    "customer_managed_encryption": []
                  }
                ],
                "user_managed": []
              }
            ],
            "rotation": [],
            "secret_id": "plex-access-token",
            "terraform_labels": {},
            "timeouts": null,
            "topics": [],
            "ttl": null,
            "version_aliases": {},
            "version_destroy_ttl": ""
          },
          "sensitive_attributes": [],
          "identity_schema_version": 0,
          "private": "eyJlMmJmYjczMC1lY2FhLTExZTYtOGY4OC0zNDM2M2JjN2M0YzAiOnsiY3JlYXRlIjoxMjAwMDAwMDAwMDAwLCJkZWxldGUiOjEyMDAwMDAwMDAwMDAsInVwZGF0ZSI6MTIwMDAwMDAwMDAwMH0sInNjaGVtYV92ZXJzaW9uIjoiMCJ9"
        }
      ]
    },
    {
      "mode": "managed",
      "type": "google_secret_manager_secret",
      "name": "company_code",
      "provider": "provider[\"registry.terraform.io/hashicorp/google\"]",
      "instances": [
        {
          "schema_version": 0,
          "attributes": {
            "annotations": {},
            "create_time": "2026-06-19T00:47:34.804041Z",
            "effective_annotations": {},
            "effective_labels": {},
            "expire_time": "",
            "id": "projects/parasoldatalake/secrets/plex-company-code",
            "labels": {},
            "name": "projects/7050005773/secrets/plex-company-code",
            "project": "parasoldatalake",
            "replication": [
              {
                "auto": [
                  {
                    "customer_managed_encryption": []
                  }
                ],
                "user_managed": []
              }
            ],
            "rotation": [],
            "secret_id": "plex-company-code",
            "terraform_labels": {},
            "timeouts": null,
            "topics": [],
            "ttl": null,
            "version_aliases": {},
            "version_destroy_ttl": ""
          },
          "sensitive_attributes": [],
          "identity_schema_version": 0,
          "private": "eyJlMmJmYjczMC1lY2FhLTExZTYtOGY4OC0zNDM2M2JjN2M0YzAiOnsiY3JlYXRlIjoxMjAwMDAwMDAwMDAwLCJkZWxldGUiOjEyMDAwMDAwMDAwMDAsInVwZGF0ZSI6MTIwMDAwMDAwMDAwMH0sInNjaGVtYV92ZXJzaW9uIjoiMCJ9"
        }
      ]
    },
    {
      "mode": "managed",
      "type": "google_secret_manager_secret",
      "name": "odbc_password",
      "provider": "provider[\"registry.terraform.io/hashicorp/google\"]",
      "instances": [
        {
          "schema_version": 0,
          "attributes": {
            "annotations": {},
            "create_time": "2026-06-19T00:47:34.740053Z",
            "effective_annotations": {},
            "effective_labels": {},
            "expire_time": "",
            "id": "projects/parasoldatalake/secrets/plex-odbc-password",
            "labels": {},
            "name": "projects/7050005773/secrets/plex-odbc-password",
            "project": "parasoldatalake",
            "replication": [
              {
                "auto": [
                  {
                    "customer_managed_encryption": []
                  }
                ],
                "user_managed": []
              }
            ],
            "rotation": [],
            "secret_id": "plex-odbc-password",
            "terraform_labels": {},
            "timeouts": null,
            "topics": [],
            "ttl": null,
            "version_aliases": {},
            "version_destroy_ttl": ""
          },
          "sensitive_attributes": [],
          "identity_schema_version": 0,
          "private": "eyJlMmJmYjczMC1lY2FhLTExZTYtOGY4OC0zNDM2M2JjN2M0YzAiOnsiY3JlYXRlIjoxMjAwMDAwMDAwMDAwLCJkZWxldGUiOjEyMDAwMDAwMDAwMDAsInVwZGF0ZSI6MTIwMDAwMDAwMDAwMH0sInNjaGVtYV92ZXJzaW9uIjoiMCJ9"
        }
      ]
    },
    {
      "mode": "managed",
      "type": "google_secret_manager_secret",
      "name": "odbc_user",
      "provider": "provider[\"registry.terraform.io/hashicorp/google\"]",
      "instances": [
        {
          "schema_version": 0,
          "attributes": {
            "annotations": {},
            "create_time": "2026-06-19T00:47:34.746300Z",
            "effective_annotations": {},
            "effective_labels": {},
            "expire_time": "",
            "id": "projects/parasoldatalake/secrets/plex-odbc-user",
            "labels": {},
            "name": "projects/7050005773/secrets/plex-odbc-user",
            "project": "parasoldatalake",
            "replication": [
              {
                "auto": [
                  {
                    "customer_managed_encryption": []
                  }
                ],
                "user_managed": []
              }
            ],
            "rotation": [],
            "secret_id": "plex-odbc-user",
            "terraform_labels": {},
            "timeouts": null,
            "topics": [],
            "ttl": null,
            "version_aliases": {},
            "version_destroy_ttl": ""
          },
          "sensitive_attributes": [],
          "identity_schema_version": 0,
          "private": "eyJlMmJmYjczMC1lY2FhLTExZTYtOGY4OC0zNDM2M2JjN2M0YzAiOnsiY3JlYXRlIjoxMjAwMDAwMDAwMDAwLCJkZWxldGUiOjEyMDAwMDAwMDAwMDAsInVwZGF0ZSI6MTIwMDAwMDAwMDAwMH0sInNjaGVtYV92ZXJzaW9uIjoiMCJ9"
        }
      ]
    },
    {
      "mode": "managed",
      "type": "google_service_account",
      "name": "etl",
      "provider": "provider[\"registry.terraform.io/hashicorp/google\"]",
      "instances": [
        {
          "schema_version": 0,
          "attributes": {
            "account_id": "plex-etl-sa",
            "create_ignore_already_exists": null,
            "description": "Used by the Plex to BigQuery Cloud Run job",
            "disabled": false,
            "display_name": "Plex ETL Service Account",
            "email": "plex-etl-sa@parasoldatalake.iam.gserviceaccount.com",
            "id": "projects/parasoldatalake/serviceAccounts/plex-etl-sa@parasoldatalake.iam.gserviceaccount.com",
            "member": "serviceAccount:plex-etl-sa@parasoldatalake.iam.gserviceaccount.com",
            "name": "projects/parasoldatalake/serviceAccounts/plex-etl-sa@parasoldatalake.iam.gserviceaccount.com",
            "project": "parasoldatalake",
            "timeouts": null,
            "unique_id": "100873270129483447231"
          },
          "sensitive_attributes": [],
          "identity_schema_version": 0,
          "private": "eyJlMmJmYjczMC1lY2FhLTExZTYtOGY4OC0zNDM2M2JjN2M0YzAiOnsiY3JlYXRlIjozMDAwMDAwMDAwMDB9fQ=="
        }
      ]
    },
    {
      "mode": "managed",
      "type": "google_service_account_iam_member",
      "name": "scheduler_token_creator",
      "provider": "provider[\"registry.terraform.io/hashicorp/google\"]",
      "instances": [
        {
          "schema_version": 0,
          "attributes": {
            "condition": [],
            "etag": "BwZUkMLt1B4=",
            "id": "projects/parasoldatalake/serviceAccounts/plex-etl-sa@parasoldatalake.iam.gserviceaccount.com/roles/iam.serviceAccountTokenCreator/serviceAccount:service-7050005773@gcp-sa-cloudscheduler.iam.gserviceaccount.com",
            "member": "serviceAccount:service-7050005773@gcp-sa-cloudscheduler.iam.gserviceaccount.com",
            "role": "roles/iam.serviceAccountTokenCreator",
            "service_account_id": "projects/parasoldatalake/serviceAccounts/plex-etl-sa@parasoldatalake.iam.gserviceaccount.com"
          },
          "sensitive_attributes": [],
          "identity_schema_version": 0,
          "private": "bnVsbA==",
          "dependencies": [
            "data.google_project.current",
            "google_service_account.etl"
          ]
        }
      ]
    }
  ],
  "check_results": null
}
